
Microsoft Visual Studio Solution File, Format Version 12.00
# Visual Studio Version 16
VisualStudioVersion = 16.0.30406.217
MinimumVisualStudioVersion = 10.0.40219.1
Project("{FAE04EC0-301F-11D3-BF4B-00C04F79EFBC}") = "01_S_SingleResponsability", "01_S_SingleResponsability\01_S_SingleResponsability.csproj", "{38BC108B-293A-4ECB-BB2C-B544CACDECDC}"
EndProject
Project("{2150E333-8FDC-42A3-9474-1A3956D46DE8}") = "Solution Items", "Solution Items", "{DB3F0C3E-3489-41B6-B4CE-773CFF62E358}"
	ProjectSection(SolutionItems) = preProject
		Readme.txt = Readme.txt
	EndProjectSection
EndProject
Project("{FAE04EC0-301F-11D3-BF4B-00C04F79EFBC}") = "02_O_OpenClose", "02_O_OpenClose\02_O_OpenClose.csproj", "{227045DD-546A-462B-81BC-FC93FED9F543}"
EndProject
Project("{FAE04EC0-301F-11D3-BF4B-00C04F79EFBC}") = "03_L_LiskovSubstitution", "03_L_LiskovSubstitution\03_L_LiskovSubstitution.csproj", "{08A01959-A234-4D64-869C-26FCB122308D}"
EndProject
Project("{FAE04EC0-301F-11D3-BF4B-00C04F79EFBC}") = "04_I_InterfaceSegregation", "04_I_InterfaceSegregation\04_I_InterfaceSegregation.csproj", "{805D4166-3853-45F6-A420-ABB9BD5E7D53}"
EndProject
Project("{FAE04EC0-301F-11D3-BF4B-00C04F79EFBC}") = "05_D_DependencyInversion", "05_D_DependencyInversion\05_D_DependencyInversion.csproj", "{97C4B68D-91EF-4CBA-A0A3-6E4B49802414}"
EndProject
Project("{FAE04EC0-301F-11D3-BF4B-00C04F79EFBC}") = "05_D_DependencyInversion_Test", "05_D_DependencyInversion_Test\05_D_DependencyInversion_Test.csproj", "{3BD04131-9FFE-446C-ABDB-FBAEBBB1A86E}"
EndProject
Global
	GlobalSection(SolutionConfigurationPlatforms) = preSolution
		Debug|Any CPU = Debug|Any CPU
		Release|Any CPU = Release|Any CPU
	EndGlobalSection
	GlobalSection(ProjectConfigurationPlatforms) = postSolution
		{38BC108B-293A-4ECB-BB2C-B544CACDECDC}.Debug|Any CPU.ActiveCfg = Debug|Any CPU
		{38BC108B-293A-4ECB-BB2C-B544CACDECDC}.Debug|Any CPU.Build.0 = Debug|Any CPU
		{38BC108B-293A-4ECB-BB2C-B544CACDECDC}.Release|Any CPU.ActiveCfg = Release|Any CPU
		{38BC108B-293A-4ECB-BB2C-B544CACDECDC}.Release|Any CPU.Build.0 = Release|Any CPU
		{227045DD-546A-462B-81BC-FC93FED9F543}.Debug|Any CPU.ActiveCfg = Debug|Any CPU
		{227045DD-546A-462B-81BC-FC93FED9F543}.Debug|Any CPU.Build.0 = Debug|Any CPU
		{227045DD-546A-462B-81BC-FC93FED9F543}.Release|Any CPU.ActiveCfg = Release|Any CPU
		{227045DD-546A-462B-81BC-FC93FED9F543}.Release|Any CPU.Build.0 = Release|Any CPU
		{08A01959-A234-4D64-869C-26FCB122308D}.Debug|Any CPU.ActiveCfg = Debug|Any CPU
		{08A01959-A234-4D64-869C-26FCB122308D}.Debug|Any CPU.Build.0 = Debug|Any CPU
		{08A01959-A234-4D64-869C-26FCB122308D}.Release|Any CPU.ActiveCfg = Release|Any CPU
		{08A01959-A234-4D64-869C-26FCB122308D}.Release|Any CPU.Build.0 = Release|Any CPU
		{805D4166-3853-45F6-A420-ABB9BD5E7D53}.Debug|Any CPU.ActiveCfg = Debug|Any CPU
		{805D4166-3853-45F6-A420-ABB9BD5E7D53}.Debug|Any CPU.Build.0 = Debug|Any CPU
		{805D4166-3853-45F6-A420-ABB9BD5E7D53}.Release|Any CPU.ActiveCfg = Release|Any CPU
		{805D4166-3853-45F6-A420-ABB9BD5E7D53}.Release|Any CPU.Build.0 = Release|Any CPU
		{97C4B68D-91EF-4CBA-A0A3-6E4B49802414}.Debug|Any CPU.ActiveCfg = Debug|Any CPU
		{97C4B68D-91EF-4CBA-A0A3-6E4B49802414}.Debug|Any CPU.Build.0 = Debug|Any CPU
		{97C4B68D-91EF-4CBA-A0A3-6E4B49802414}.Release|Any CPU.ActiveCfg = Release|Any CPU
		{97C4B68D-91EF-4CBA-A0A3-6E4B49802414}.Release|Any CPU.Build.0 = Release|Any CPU
		{3BD04131-9FFE-446C-ABDB-FBAEBBB1A86E}.Debug|Any CPU.ActiveCfg = Debug|Any CPU
		{3BD04131-9FFE-446C-ABDB-FBAEBBB1A86E}.Debug|Any CPU.Build.0 = Debug|Any CPU
		{3BD04131-9FFE-446C-ABDB-FBAEBBB1A86E}.Release|Any CPU.ActiveCfg = Release|Any CPU
		{3BD04131-9FFE-446C-ABDB-FBAEBBB1A86E}.Release|Any CPU.Build.0 = Release|Any CPU
	EndGlobalSection
	GlobalSection(SolutionProperties) = preSolution
		HideSolutionNode = FALSE
	EndGlobalSection
	GlobalSection(ExtensibilityGlobals) = postSolution
		SolutionGuid = {790E41C2-90EF-4C80-A32D-7D612542A2B3}
	EndGlobalSection
EndGlobal
