
Microsoft Visual Studio Solution File, Format Version 12.00
# Visual Studio Version 16
VisualStudioVersion = 16.0.30406.217
MinimumVisualStudioVersion = 10.0.40219.1
Project("{FAE04EC0-301F-11D3-BF4B-00C04F79EFBC}") = "01_S_SingleResponsability", "01_S_SingleResponsability\01_S_SingleResponsability.csproj", "{38BC108B-293A-4ECB-BB2C-B544CACDECDC}"
EndProject
Global
	GlobalSection(SolutionConfigurationPlatforms) = preSolution
		Debug|Any CPU = Debug|Any CPU
		Release|Any CPU = Release|Any CPU
	EndGlobalSection
	GlobalSection(ProjectConfigurationPlatforms) = postSolution
		{38BC108B-293A-4ECB-BB2C-B544CACDECDC}.Debug|Any CPU.ActiveCfg = Debug|Any CPU
		{38BC108B-293A-4ECB-BB2C-B544CACDECDC}.Debug|Any CPU.Build.0 = Debug|Any CPU
		{38BC108B-293A-4ECB-BB2C-B544CACDECDC}.Release|Any CPU.ActiveCfg = Release|Any CPU
		{38BC108B-293A-4ECB-BB2C-B544CACDECDC}.Release|Any CPU.Build.0 = Release|Any CPU
	EndGlobalSection
	GlobalSection(SolutionProperties) = preSolution
		HideSolutionNode = FALSE
	EndGlobalSection
	GlobalSection(ExtensibilityGlobals) = postSolution
		SolutionGuid = {790E41C2-90EF-4C80-A32D-7D612542A2B3}
	EndGlobalSection
EndGlobal
